{
  "object": {
    "pins": [
      {
        "package": "CZUtils",
        "repositoryURL": "https://github.com/geekaurora/CZUtils.git",
        "state": {
          "branch": null,
          "revision": "72856eff7e560c0de4a1abe82a6d5d596be87bce",
          "version": "3.9.0"
        }
      }
    ]
  },
  "version": 1
}
