{
  "object": {
    "pins": [
      {
        "package": "CZUtils",
        "repositoryURL": "https://github.com/geekaurora/CZUtils.git",
        "state": {
          "branch": null,
          "revision": "87e0646543ac99ecb7424b298ffced8beef25d9b",
          "version": "4.4.8"
        }
      }
    ]
  },
  "version": 1
}
